// !$*UTF8*$!
{
	archiveVersion = 1;
	classes = {
	};
	objectVersion = 50;
	objects = {

/* Begin PBXBuildFile section */
		04022AC7268BBE9A00AE0611 /* Pre_CrastinationApp.swift in Sources */ = {isa = PBXBuildFile; fileRef = 04022AC6268BBE9A00AE0611 /* Pre_CrastinationApp.swift */; };
		04022ACB268BBEAC00AE0611 /* Assets.xcassets in Resources */ = {isa = PBXBuildFile; fileRef = 04022ACA268BBEAC00AE0611 /* Assets.xcassets */; };
		04022ACE268BBEAC00AE0611 /* Preview Assets.xcassets in Resources */ = {isa = PBXBuildFile; fileRef = 04022ACD268BBEAC00AE0611 /* Preview Assets.xcassets */; };
		04022AD7268BCC5100AE0611 /* ListView.swift in Sources */ = {isa = PBXBuildFile; fileRef = 04022AD6268BCC5000AE0611 /* ListView.swift */; };
		04022AD9268BD28D00AE0611 /* ListRowView.swift in Sources */ = {isa = PBXBuildFile; fileRef = 04022AD8268BD28D00AE0611 /* ListRowView.swift */; };
		04022ADB268BDB7000AE0611 /* AddView.swift in Sources */ = {isa = PBXBuildFile; fileRef = 04022ADA268BDB7000AE0611 /* AddView.swift */; };
		04022ADE268E6B0600AE0611 /* ItemModel.swift in Sources */ = {isa = PBXBuildFile; fileRef = 04022ADD268E6B0600AE0611 /* ItemModel.swift */; };
/* End PBXBuildFile section */

/* Begin PBXFileReference section */
		04022AC3268BBE9A00AE0611 /* Pre-Crastination.app */ = {isa = PBXFileReference; explicitFileType = wrapper.application; includeInIndex = 0; path = "Pre-Crastination.app"; sourceTree = BUILT_PRODUCTS_DIR; };
		04022AC6268BBE9A00AE0611 /* Pre_CrastinationApp.swift */ = {isa = PBXFileReference; lastKnownFileType = sourcecode.swift; path = Pre_CrastinationApp.swift; sourceTree = "<group>"; };
		04022ACA268BBEAC00AE0611 /* Assets.xcassets */ = {isa = PBXFileReference; lastKnownFileType = folder.assetcatalog; path = Assets.xcassets; sourceTree = "<group>"; };
		04022ACD268BBEAC00AE0611 /* Preview Assets.xcassets */ = {isa = PBXFileReference; lastKnownFileType = folder.assetcatalog; path = "Preview Assets.xcassets"; sourceTree = "<group>"; };
		04022ACF268BBEAC00AE0611 /* Info.plist */ = {isa = PBXFileReference; lastKnownFileType = text.plist.xml; path = Info.plist; sourceTree = "<group>"; };
		04022AD6268BCC5000AE0611 /* ListView.swift */ = {isa = PBXFileReference; lastKnownFileType = sourcecode.swift; path = ListView.swift; sourceTree = "<group>"; };
		04022AD8268BD28D00AE0611 /* ListRowView.swift */ = {isa = PBXFileReference; lastKnownFileType = sourcecode.swift; path = ListRowView.swift; sourceTree = "<group>"; };
		04022ADA268BDB7000AE0611 /* AddView.swift */ = {isa = PBXFileReference; lastKnownFileType = sourcecode.swift; path = AddView.swift; sourceTree = "<group>"; };
		04022ADD268E6B0600AE0611 /* ItemModel.swift */ = {isa = PBXFileReference; lastKnownFileType = sourcecode.swift; path = ItemModel.swift; sourceTree = "<group>"; };
/* End PBXFileReference section */

/* Begin PBXFrameworksBuildPhase section */
		04022AC0268BBE9A00AE0611 /* Frameworks */ = {
			isa = PBXFrameworksBuildPhase;
			buildActionMask = 2147483647;
			files = (
			);
			runOnlyForDeploymentPostprocessing = 0;
		};
/* End PBXFrameworksBuildPhase section */

/* Begin PBXGroup section */
		04022ABA268BBE9900AE0611 = {
			isa = PBXGroup;
			children = (
				04022AC5268BBE9A00AE0611 /* Pre-Crastination */,
				04022AC4268BBE9A00AE0611 /* Products */,
			);
			sourceTree = "<group>";
		};
		04022AC4268BBE9A00AE0611 /* Products */ = {
			isa = PBXGroup;
			children = (
				04022AC3268BBE9A00AE0611 /* Pre-Crastination.app */,
			);
			name = Products;
			sourceTree = "<group>";
		};
		04022AC5268BBE9A00AE0611 /* Pre-Crastination */ = {
			isa = PBXGroup;
			children = (
				04022AC6268BBE9A00AE0611 /* Pre_CrastinationApp.swift */,
				04022ADC268E6AAE00AE0611 /* Models */,
				04022ADF268E790500AE0611 /* ViewModels */,
				04022AD5268BCC1200AE0611 /* Views */,
				04022ACA268BBEAC00AE0611 /* Assets.xcassets */,
				04022ACF268BBEAC00AE0611 /* Info.plist */,
				04022ACC268BBEAC00AE0611 /* Preview Content */,
			);
			path = "Pre-Crastination";
			sourceTree = "<group>";
		};
		04022ACC268BBEAC00AE0611 /* Preview Content */ = {
			isa = PBXGroup;
			children = (
				04022ACD268BBEAC00AE0611 /* Preview Assets.xcassets */,
			);
			path = "Preview Content";
			sourceTree = "<group>";
		};
		04022AD5268BCC1200AE0611 /* Views */ = {
			isa = PBXGroup;
			children = (
				04022AD6268BCC5000AE0611 /* ListView.swift */,
				04022AD8268BD28D00AE0611 /* ListRowView.swift */,
				04022ADA268BDB7000AE0611 /* AddView.swift */,
			);
			path = Views;
			sourceTree = "<group>";
		};
		04022ADC268E6AAE00AE0611 /* Models */ = {
			isa = PBXGroup;
			children = (
				04022ADD268E6B0600AE0611 /* ItemModel.swift */,
			);
			path = Models;
			sourceTree = "<group>";
		};
		04022ADF268E790500AE0611 /* ViewModels */ = {
			isa = PBXGroup;
			children = (
			);
			path = ViewModels;
			sourceTree = "<group>";
		};
/* End PBXGroup section */

/* Begin PBXNativeTarget section */
		04022AC2268BBE9A00AE0611 /* Pre-Crastination */ = {
			isa = PBXNativeTarget;
			buildConfigurationList = 04022AD2268BBEAC00AE0611 /* Build configuration list for PBXNativeTarget "Pre-Crastination" */;
			buildPhases = (
				04022ABF268BBE9A00AE0611 /* Sources */,
				04022AC0268BBE9A00AE0611 /* Frameworks */,
				04022AC1268BBE9A00AE0611 /* Resources */,
			);
			buildRules = (
			);
			dependencies = (
			);
			name = "Pre-Crastination";
			productName = "Pre-Crastination";
			productReference = 04022AC3268BBE9A00AE0611 /* Pre-Crastination.app */;
			productType = "com.apple.product-type.application";
		};
/* End PBXNativeTarget section */

/* Begin PBXProject section */
		04022ABB268BBE9A00AE0611 /* Project object */ = {
			isa = PBXProject;
			attributes = {
				LastSwiftUpdateCheck = 1250;
				LastUpgradeCheck = 1250;
				TargetAttributes = {
					04022AC2268BBE9A00AE0611 = {
						CreatedOnToolsVersion = 12.5.1;
					};
				};
			};
			buildConfigurationList = 04022ABE268BBE9A00AE0611 /* Build configuration list for PBXProject "Pre-Crastination" */;
			compatibilityVersion = "Xcode 9.3";
			developmentRegion = en;
			hasScannedForEncodings = 0;
			knownRegions = (
				en,
				Base,
			);
			mainGroup = 04022ABA268BBE9900AE0611;
			productRefGroup = 04022AC4268BBE9A00AE0611 /* Products */;
			projectDirPath = "";
			projectRoot = "";
			targets = (
				04022AC2268BBE9A00AE0611 /* Pre-Crastination */,
			);
		};
/* End PBXProject section */

/* Begin PBXResourcesBuildPhase section */
		04022AC1268BBE9A00AE0611 /* Resources */ = {
			isa = PBXResourcesBuildPhase;
			buildActionMask = 2147483647;
			files = (
				04022ACE268BBEAC00AE0611 /* Preview Assets.xcassets in Resources */,
				04022ACB268BBEAC00AE0611 /* Assets.xcassets in Resources */,
			);
			runOnlyForDeploymentPostprocessing = 0;
		};
/* End PBXResourcesBuildPhase section */

/* Begin PBXSourcesBuildPhase section */
		04022ABF268BBE9A00AE0611 /* Sources */ = {
			isa = PBXSourcesBuildPhase;
			buildActionMask = 2147483647;
			files = (
				04022ADE268E6B0600AE0611 /* ItemModel.swift in Sources */,
				04022ADB268BDB7000AE0611 /* AddView.swift in Sources */,
				04022AC7268BBE9A00AE0611 /* Pre_CrastinationApp.swift in Sources */,
				04022AD7268BCC5100AE0611 /* ListView.swift in Sources */,
				04022AD9268BD28D00AE0611 /* ListRowView.swift in Sources */,
			);
			runOnlyForDeploymentPostprocessing = 0;
		};
/* End PBXSourcesBuildPhase section */

/* Begin XCBuildConfiguration section */
		04022AD0268BBEAC00AE0611 /* Debug */ = {
			isa = XCBuildConfiguration;
			buildSettings = {
				ALWAYS_SEARCH_USER_PATHS = NO;
				CLANG_ANALYZER_NONNULL = YES;
				CLANG_ANALYZER_NUMBER_OBJECT_CONVERSION = YES_AGGRESSIVE;
				CLANG_CXX_LANGUAGE_STANDARD = "gnu++14";
				CLANG_CXX_LIBRARY = "libc++";
				CLANG_ENABLE_MODULES = YES;
				CLANG_ENABLE_OBJC_ARC = YES;
				CLANG_ENABLE_OBJC_WEAK = YES;
				CLANG_WARN_BLOCK_CAPTURE_AUTORELEASING = YES;
				CLANG_WARN_BOOL_CONVERSION = YES;
				CLANG_WARN_COMMA = YES;
				CLANG_WARN_CONSTANT_CONVERSION = YES;
				CLANG_WARN_DEPRECATED_OBJC_IMPLEMENTATIONS = YES;
				CLANG_WARN_DIRECT_OBJC_ISA_USAGE = YES_ERROR;
				CLANG_WARN_DOCUMENTATION_COMMENTS = YES;
				CLANG_WARN_EMPTY_BODY = YES;
				CLANG_WARN_ENUM_CONVERSION = YES;
				CLANG_WARN_INFINITE_RECURSION = YES;
				CLANG_WARN_INT_CONVERSION = YES;
				CLANG_WARN_NON_LITERAL_NULL_CONVERSION = YES;
				CLANG_WARN_OBJC_IMPLICIT_RETAIN_SELF = YES;
				CLANG_WARN_OBJC_LITERAL_CONVERSION = YES;
				CLANG_WARN_OBJC_ROOT_CLASS = YES_ERROR;
				CLANG_WARN_QUOTED_INCLUDE_IN_FRAMEWORK_HEADER = YES;
				CLANG_WARN_RANGE_LOOP_ANALYSIS = YES;
				CLANG_WARN_STRICT_PROTOTYPES = YES;
				CLANG_WARN_SUSPICIOUS_MOVE = YES;
				CLANG_WARN_UNGUARDED_AVAILABILITY = YES_AGGRESSIVE;
				CLANG_WARN_UNREACHABLE_CODE = YES;
				CLANG_WARN__DUPLICATE_METHOD_MATCH = YES;
				COPY_PHASE_STRIP = NO;
				DEBUG_INFORMATION_FORMAT = dwarf;
				ENABLE_STRICT_OBJC_MSGSEND = YES;
				ENABLE_TESTABILITY = YES;
				GCC_C_LANGUAGE_STANDARD = gnu11;
				GCC_DYNAMIC_NO_PIC = NO;
				GCC_NO_COMMON_BLOCKS = YES;
				GCC_OPTIMIZATION_LEVEL = 0;
				GCC_PREPROCESSOR_DEFINITIONS = (
					"DEBUG=1",
					"$(inherited)",
				);
				GCC_WARN_64_TO_32_BIT_CONVERSION = YES;
				GCC_WARN_ABOUT_RETURN_TYPE = YES_ERROR;
				GCC_WARN_UNDECLARED_SELECTOR = YES;
				GCC_WARN_UNINITIALIZED_AUTOS = YES_AGGRESSIVE;
				GCC_WARN_UNUSED_FUNCTION = YES;
				GCC_WARN_UNUSED_VARIABLE = YES;
				IPHONEOS_DEPLOYMENT_TARGET = 14.5;
				MTL_ENABLE_DEBUG_INFO = INCLUDE_SOURCE;
				MTL_FAST_MATH = YES;
				ONLY_ACTIVE_ARCH = YES;
				SDKROOT = iphoneos;
				SWIFT_ACTIVE_COMPILATION_CONDITIONS = DEBUG;
				SWIFT_OPTIMIZATION_LEVEL = "-Onone";
			};
			name = Debug;
		};
		04022AD1268BBEAC00AE0611 /* Release */ = {
			isa = XCBuildConfiguration;
			buildSettings = {
				ALWAYS_SEARCH_USER_PATHS = NO;
				CLANG_ANALYZER_NONNULL = YES;
				CLANG_ANALYZER_NUMBER_OBJECT_CONVERSION = YES_AGGRESSIVE;
				CLANG_CXX_LANGUAGE_STANDARD = "gnu++14";
				CLANG_CXX_LIBRARY = "libc++";
				CLANG_ENABLE_MODULES = YES;
				CLANG_ENABLE_OBJC_ARC = YES;
				CLANG_ENABLE_OBJC_WEAK = YES;
				CLANG_WARN_BLOCK_CAPTURE_AUTORELEASING = YES;
				CLANG_WARN_BOOL_CONVERSION = YES;
				CLANG_WARN_COMMA = YES;
				CLANG_WARN_CONSTANT_CONVERSION = YES;
				CLANG_WARN_DEPRECATED_OBJC_IMPLEMENTATIONS = YES;
				CLANG_WARN_DIRECT_OBJC_ISA_USAGE = YES_ERROR;
				CLANG_WARN_DOCUMENTATION_COMMENTS = YES;
				CLANG_WARN_EMPTY_BODY = YES;
				CLANG_WARN_ENUM_CONVERSION = YES;
				CLANG_WARN_INFINITE_RECURSION = YES;
				CLANG_WARN_INT_CONVERSION = YES;
				CLANG_WARN_NON_LITERAL_NULL_CONVERSION = YES;
				CLANG_WARN_OBJC_IMPLICIT_RETAIN_SELF = YES;
				CLANG_WARN_OBJC_LITERAL_CONVERSION = YES;
				CLANG_WARN_OBJC_ROOT_CLASS = YES_ERROR;
				CLANG_WARN_QUOTED_INCLUDE_IN_FRAMEWORK_HEADER = YES;
				CLANG_WARN_RANGE_LOOP_ANALYSIS = YES;
				CLANG_WARN_STRICT_PROTOTYPES = YES;
				CLANG_WARN_SUSPICIOUS_MOVE = YES;
				CLANG_WARN_UNGUARDED_AVAILABILITY = YES_AGGRESSIVE;
				CLANG_WARN_UNREACHABLE_CODE = YES;
				CLANG_WARN__DUPLICATE_METHOD_MATCH = YES;
				COPY_PHASE_STRIP = NO;
				DEBUG_INFORMATION_FORMAT = "dwarf-with-dsym";
				ENABLE_NS_ASSERTIONS = NO;
				ENABLE_STRICT_OBJC_MSGSEND = YES;
				GCC_C_LANGUAGE_STANDARD = gnu11;
				GCC_NO_COMMON_BLOCKS = YES;
				GCC_WARN_64_TO_32_BIT_CONVERSION = YES;
				GCC_WARN_ABOUT_RETURN_TYPE = YES_ERROR;
				GCC_WARN_UNDECLARED_SELECTOR = YES;
				GCC_WARN_UNINITIALIZED_AUTOS = YES_AGGRESSIVE;
				GCC_WARN_UNUSED_FUNCTION = YES;
				GCC_WARN_UNUSED_VARIABLE = YES;
				IPHONEOS_DEPLOYMENT_TARGET = 14.5;
				MTL_ENABLE_DEBUG_INFO = NO;
				MTL_FAST_MATH = YES;
				SDKROOT = iphoneos;
				SWIFT_COMPILATION_MODE = wholemodule;
				SWIFT_OPTIMIZATION_LEVEL = "-O";
				VALIDATE_PRODUCT = YES;
			};
			name = Release;
		};
		04022AD3268BBEAC00AE0611 /* Debug */ = {
			isa = XCBuildConfiguration;
			buildSettings = {
				ASSETCATALOG_COMPILER_APPICON_NAME = AppIcon;
				ASSETCATALOG_COMPILER_GLOBAL_ACCENT_COLOR_NAME = AccentColor;
				CODE_SIGN_STYLE = Automatic;
				DEVELOPMENT_ASSET_PATHS = "\"Pre-Crastination/Preview Content\"";
				DEVELOPMENT_TEAM = LG7P2SB49N;
				ENABLE_PREVIEWS = YES;
				INFOPLIST_FILE = "Pre-Crastination/Info.plist";
				IPHONEOS_DEPLOYMENT_TARGET = 14.0;
				LD_RUNPATH_SEARCH_PATHS = (
					"$(inherited)",
					"@executable_path/Frameworks",
				);
				PRODUCT_BUNDLE_IDENTIFIER = "RP.Pre-Crastination";
				PRODUCT_NAME = "$(TARGET_NAME)";
				SWIFT_VERSION = 5.0;
				TARGETED_DEVICE_FAMILY = "1,2";
			};
			name = Debug;
		};
		04022AD4268BBEAC00AE0611 /* Release */ = {
			isa = XCBuildConfiguration;
			buildSettings = {
				ASSETCATALOG_COMPILER_APPICON_NAME = AppIcon;
				ASSETCATALOG_COMPILER_GLOBAL_ACCENT_COLOR_NAME = AccentColor;
				CODE_SIGN_STYLE = Automatic;
				DEVELOPMENT_ASSET_PATHS = "\"Pre-Crastination/Preview Content\"";
				DEVELOPMENT_TEAM = LG7P2SB49N;
				ENABLE_PREVIEWS = YES;
				INFOPLIST_FILE = "Pre-Crastination/Info.plist";
				IPHONEOS_DEPLOYMENT_TARGET = 14.0;
				LD_RUNPATH_SEARCH_PATHS = (
					"$(inherited)",
					"@executable_path/Frameworks",
				);
				PRODUCT_BUNDLE_IDENTIFIER = "RP.Pre-Crastination";
				PRODUCT_NAME = "$(TARGET_NAME)";
				SWIFT_VERSION = 5.0;
				TARGETED_DEVICE_FAMILY = "1,2";
			};
			name = Release;
		};
/* End XCBuildConfiguration section */

/* Begin XCConfigurationList section */
		04022ABE268BBE9A00AE0611 /* Build configuration list for PBXProject "Pre-Crastination" */ = {
			isa = XCConfigurationList;
			buildConfigurations = (
				04022AD0268BBEAC00AE0611 /* Debug */,
				04022AD1268BBEAC00AE0611 /* Release */,
			);
			defaultConfigurationIsVisible = 0;
			defaultConfigurationName = Release;
		};
		04022AD2268BBEAC00AE0611 /* Build configuration list for PBXNativeTarget "Pre-Crastination" */ = {
			isa = XCConfigurationList;
			buildConfigurations = (
				04022AD3268BBEAC00AE0611 /* Debug */,
				04022AD4268BBEAC00AE0611 /* Release */,
			);
			defaultConfigurationIsVisible = 0;
			defaultConfigurationName = Release;
		};
/* End XCConfigurationList section */
	};
	rootObject = 04022ABB268BBE9A00AE0611 /* Project object */;
}
